
Microsoft Visual Studio Solution File, Format Version 12.00
# Visual Studio Version 16
VisualStudioVersion = 16.0.30114.105
MinimumVisualStudioVersion = 10.0.40219.1
Project("{FAE04EC0-301F-11D3-BF4B-00C04F79EFBC}") = "Utilities.Extensions", "Utilities.Extensions\Utilities.Extensions.csproj", "{61BD46C9-4A2D-47F6-A89A-0C9BBC0B3F07}"
EndProject
Project("{FAE04EC0-301F-11D3-BF4B-00C04F79EFBC}") = "Utilities.Clases", "Utilities.Clases\Utilities.Clases.csproj", "{8CC40881-1B13-4CB8-81EF-884CAE939ACB}"
EndProject
Project("{FAE04EC0-301F-11D3-BF4B-00C04F79EFBC}") = "Utilities.Test", "Utilities.Test\Utilities.Test.csproj", "{D0E133B7-F392-47DA-B4E8-65E7D302D928}"
EndProject
Project("{FAE04EC0-301F-11D3-BF4B-00C04F79EFBC}") = "Utilities.Controls", "Utilities.Controls\Utilities.Controls.csproj", "{3A0DA2EA-F24F-4218-B3A7-B8D10DB87335}"
EndProject
Project("{FAE04EC0-301F-11D3-BF4B-00C04F79EFBC}") = "Utilities.Consola", "Utilities.Consola\Utilities.Consola.csproj", "{93B32B1E-C302-4382-9FFE-6D50C97EA584}"
EndProject
Project("{FAE04EC0-301F-11D3-BF4B-00C04F79EFBC}") = "Utilities.Funciones", "Utilities.Funciones\Utilities.Funciones.csproj", "{2842E6B7-6951-4013-84D7-4F5872296A4F}"
EndProject
Project("{FAE04EC0-301F-11D3-BF4B-00C04F79EFBC}") = "Utilities.AppTraza", "Utilities.AppTraza\Utilities.AppTraza.csproj", "{4655D220-A6C3-4B36-BFAE-092DF4E070AC}"
EndProject
Project("{FAE04EC0-301F-11D3-BF4B-00C04F79EFBC}") = "Utilities.EntityManager", "Utilities.EntityManager\Utilities.EntityManager.csproj", "{C28A90C1-3C77-472F-87A7-36D218551D9D}"
EndProject
Project("{FAE04EC0-301F-11D3-BF4B-00C04F79EFBC}") = "Utilities.Musica", "Utilities.Musica\Utilities.Musica.csproj", "{851734AF-5B90-458E-8AF1-E56E1AC794C0}"
EndProject
Project("{FAE04EC0-301F-11D3-BF4B-00C04F79EFBC}") = "Utilities.TestMusica", "Utilities.TestMusica\Utilities.TestMusica.csproj", "{23AFFDA0-159C-402C-ADFA-F7F9F6AA053B}"
EndProject
Global
	GlobalSection(SolutionConfigurationPlatforms) = preSolution
		Debug|Any CPU = Debug|Any CPU
		Release|Any CPU = Release|Any CPU
	EndGlobalSection
	GlobalSection(ProjectConfigurationPlatforms) = postSolution
		{61BD46C9-4A2D-47F6-A89A-0C9BBC0B3F07}.Debug|Any CPU.ActiveCfg = Debug|Any CPU
		{61BD46C9-4A2D-47F6-A89A-0C9BBC0B3F07}.Debug|Any CPU.Build.0 = Debug|Any CPU
		{61BD46C9-4A2D-47F6-A89A-0C9BBC0B3F07}.Release|Any CPU.ActiveCfg = Release|Any CPU
		{61BD46C9-4A2D-47F6-A89A-0C9BBC0B3F07}.Release|Any CPU.Build.0 = Release|Any CPU
		{8CC40881-1B13-4CB8-81EF-884CAE939ACB}.Debug|Any CPU.ActiveCfg = Debug|Any CPU
		{8CC40881-1B13-4CB8-81EF-884CAE939ACB}.Debug|Any CPU.Build.0 = Debug|Any CPU
		{8CC40881-1B13-4CB8-81EF-884CAE939ACB}.Release|Any CPU.ActiveCfg = Release|Any CPU
		{8CC40881-1B13-4CB8-81EF-884CAE939ACB}.Release|Any CPU.Build.0 = Release|Any CPU
		{D0E133B7-F392-47DA-B4E8-65E7D302D928}.Debug|Any CPU.ActiveCfg = Debug|Any CPU
		{D0E133B7-F392-47DA-B4E8-65E7D302D928}.Debug|Any CPU.Build.0 = Debug|Any CPU
		{D0E133B7-F392-47DA-B4E8-65E7D302D928}.Release|Any CPU.ActiveCfg = Release|Any CPU
		{D0E133B7-F392-47DA-B4E8-65E7D302D928}.Release|Any CPU.Build.0 = Release|Any CPU
		{3A0DA2EA-F24F-4218-B3A7-B8D10DB87335}.Debug|Any CPU.ActiveCfg = Debug|Any CPU
		{3A0DA2EA-F24F-4218-B3A7-B8D10DB87335}.Debug|Any CPU.Build.0 = Debug|Any CPU
		{3A0DA2EA-F24F-4218-B3A7-B8D10DB87335}.Release|Any CPU.ActiveCfg = Release|Any CPU
		{3A0DA2EA-F24F-4218-B3A7-B8D10DB87335}.Release|Any CPU.Build.0 = Release|Any CPU
		{93B32B1E-C302-4382-9FFE-6D50C97EA584}.Debug|Any CPU.ActiveCfg = Debug|Any CPU
		{93B32B1E-C302-4382-9FFE-6D50C97EA584}.Debug|Any CPU.Build.0 = Debug|Any CPU
		{93B32B1E-C302-4382-9FFE-6D50C97EA584}.Release|Any CPU.ActiveCfg = Release|Any CPU
		{93B32B1E-C302-4382-9FFE-6D50C97EA584}.Release|Any CPU.Build.0 = Release|Any CPU
		{2842E6B7-6951-4013-84D7-4F5872296A4F}.Debug|Any CPU.ActiveCfg = Debug|Any CPU
		{2842E6B7-6951-4013-84D7-4F5872296A4F}.Debug|Any CPU.Build.0 = Debug|Any CPU
		{2842E6B7-6951-4013-84D7-4F5872296A4F}.Release|Any CPU.ActiveCfg = Release|Any CPU
		{2842E6B7-6951-4013-84D7-4F5872296A4F}.Release|Any CPU.Build.0 = Release|Any CPU
		{4655D220-A6C3-4B36-BFAE-092DF4E070AC}.Debug|Any CPU.ActiveCfg = Debug|Any CPU
		{4655D220-A6C3-4B36-BFAE-092DF4E070AC}.Debug|Any CPU.Build.0 = Debug|Any CPU
		{4655D220-A6C3-4B36-BFAE-092DF4E070AC}.Release|Any CPU.ActiveCfg = Release|Any CPU
		{4655D220-A6C3-4B36-BFAE-092DF4E070AC}.Release|Any CPU.Build.0 = Release|Any CPU
		{C28A90C1-3C77-472F-87A7-36D218551D9D}.Debug|Any CPU.ActiveCfg = Debug|Any CPU
		{C28A90C1-3C77-472F-87A7-36D218551D9D}.Debug|Any CPU.Build.0 = Debug|Any CPU
		{C28A90C1-3C77-472F-87A7-36D218551D9D}.Release|Any CPU.ActiveCfg = Release|Any CPU
		{C28A90C1-3C77-472F-87A7-36D218551D9D}.Release|Any CPU.Build.0 = Release|Any CPU
		{851734AF-5B90-458E-8AF1-E56E1AC794C0}.Debug|Any CPU.ActiveCfg = Debug|Any CPU
		{851734AF-5B90-458E-8AF1-E56E1AC794C0}.Debug|Any CPU.Build.0 = Debug|Any CPU
		{851734AF-5B90-458E-8AF1-E56E1AC794C0}.Release|Any CPU.ActiveCfg = Release|Any CPU
		{851734AF-5B90-458E-8AF1-E56E1AC794C0}.Release|Any CPU.Build.0 = Release|Any CPU
		{23AFFDA0-159C-402C-ADFA-F7F9F6AA053B}.Debug|Any CPU.ActiveCfg = Debug|Any CPU
		{23AFFDA0-159C-402C-ADFA-F7F9F6AA053B}.Debug|Any CPU.Build.0 = Debug|Any CPU
		{23AFFDA0-159C-402C-ADFA-F7F9F6AA053B}.Release|Any CPU.ActiveCfg = Release|Any CPU
		{23AFFDA0-159C-402C-ADFA-F7F9F6AA053B}.Release|Any CPU.Build.0 = Release|Any CPU
	EndGlobalSection
	GlobalSection(SolutionProperties) = preSolution
		HideSolutionNode = FALSE
	EndGlobalSection
	GlobalSection(ExtensibilityGlobals) = postSolution
		SolutionGuid = {9977489E-BBA4-4C4F-B667-CBA54E06997B}
	EndGlobalSection
EndGlobal
